github.com/mikkeloscar/aur v0.0.0-20200113170522-1cb4e2949656 h1:j679+jxcDkCFblYk+I+G71HQTFxM3PacYbVCiYmhRhU=
github.com/mikkeloscar/aur v0.0.0-20200113170522-1cb4e2949656/go.mod h1:nYOKcK8tIj69ZZ8uDOWoiT+L25NvlOQaraDqTec/idA=
github.com/spf13/pflag v1.0.5 h1:iy+VFUOCP1a+8yFto/drg2CJ5u0yRoB7fZw3DKv/JXA=
github.com/spf13/pflag v1.0.5/go.mod h1:McXfInJRrz4CZXVZOBLb0bTZqETkiAhM9Iw0y3An2Bg=
